
Microsoft Visual Studio Solution File, Format Version 12.00
# Visual Studio Version 17
VisualStudioVersion = 17.4.33122.133
MinimumVisualStudioVersion = 10.0.40219.1
Project("{9A19103F-16F7-4668-BE54-9A1E7A4F7556}") = "TopazView", "TopazView\TopazView.csproj", "{B55DF21A-A1DC-4F0D-A461-B400F84792DB}"
EndProject
Project("{FAE04EC0-301F-11D3-BF4B-00C04F79EFBC}") = "TopazView.UnitTests", "TopazView.UnitTests\TopazView.UnitTests.csproj", "{243EFE00-22DC-4C8F-8AC9-084230249295}"
EndProject
Global
	GlobalSection(SolutionConfigurationPlatforms) = preSolution
		Debug|Any CPU = Debug|Any CPU
		Release|Any CPU = Release|Any CPU
	EndGlobalSection
	GlobalSection(ProjectConfigurationPlatforms) = postSolution
		{B55DF21A-A1DC-4F0D-A461-B400F84792DB}.Debug|Any CPU.ActiveCfg = Debug|Any CPU
		{B55DF21A-A1DC-4F0D-A461-B400F84792DB}.Debug|Any CPU.Build.0 = Debug|Any CPU
		{B55DF21A-A1DC-4F0D-A461-B400F84792DB}.Release|Any CPU.ActiveCfg = Release|Any CPU
		{B55DF21A-A1DC-4F0D-A461-B400F84792DB}.Release|Any CPU.Build.0 = Release|Any CPU
		{243EFE00-22DC-4C8F-8AC9-084230249295}.Debug|Any CPU.ActiveCfg = Debug|Any CPU
		{243EFE00-22DC-4C8F-8AC9-084230249295}.Debug|Any CPU.Build.0 = Debug|Any CPU
		{243EFE00-22DC-4C8F-8AC9-084230249295}.Release|Any CPU.ActiveCfg = Release|Any CPU
		{243EFE00-22DC-4C8F-8AC9-084230249295}.Release|Any CPU.Build.0 = Release|Any CPU
	EndGlobalSection
	GlobalSection(SolutionProperties) = preSolution
		HideSolutionNode = FALSE
	EndGlobalSection
	GlobalSection(ExtensibilityGlobals) = postSolution
		SolutionGuid = {A672420B-B5B1-4F06-B021-C603B4C4D984}
	EndGlobalSection
EndGlobal
